
Microsoft Visual Studio Solution File, Format Version 12.00
# Visual Studio Version 17
VisualStudioVersion = 17.8.34408.163
MinimumVisualStudioVersion = 10.0.40219.1
Project("{FAE04EC0-301F-11D3-BF4B-00C04F79EFBC}") = "T15.1", "T15.1.csproj", "{3AA5E8F9-EFFF-4E39-BB71-46FEF2DE3403}"
EndProject
Global
	GlobalSection(SolutionConfigurationPlatforms) = preSolution
		Debug|Any CPU = Debug|Any CPU
		Release|Any CPU = Release|Any CPU
	EndGlobalSection
	GlobalSection(ProjectConfigurationPlatforms) = postSolution
		{3AA5E8F9-EFFF-4E39-BB71-46FEF2DE3403}.Debug|Any CPU.ActiveCfg = Debug|Any CPU
		{3AA5E8F9-EFFF-4E39-BB71-46FEF2DE3403}.Debug|Any CPU.Build.0 = Debug|Any CPU
		{3AA5E8F9-EFFF-4E39-BB71-46FEF2DE3403}.Release|Any CPU.ActiveCfg = Release|Any CPU
		{3AA5E8F9-EFFF-4E39-BB71-46FEF2DE3403}.Release|Any CPU.Build.0 = Release|Any CPU
	EndGlobalSection
	GlobalSection(SolutionProperties) = preSolution
		HideSolutionNode = FALSE
	EndGlobalSection
	GlobalSection(ExtensibilityGlobals) = postSolution
		SolutionGuid = {C162D7E5-7FD1-4143-9C21-15710C04B739}
	EndGlobalSection
EndGlobal
